
Microsoft Visual Studio Solution File, Format Version 12.00
# Visual Studio Version 17
VisualStudioVersion = 17.6.33723.286
MinimumVisualStudioVersion = 10.0.40219.1
Project("{FAE04EC0-301F-11D3-BF4B-00C04F79EFBC}") = "HKRPInvoiceProj", "HKRPInvoiceProj.csproj", "{6380AB08-A36A-44BE-BC5F-B5F975243D15}"
EndProject
Project("{FAE04EC0-301F-11D3-BF4B-00C04F79EFBC}") = "Persistence", "..\Persistence\Persistence.csproj", "{456E1201-F3A2-4198-9CEE-31975570DC28}"
EndProject
Project("{FAE04EC0-301F-11D3-BF4B-00C04F79EFBC}") = "EntityContract", "..\EntityContract\EntityContract.csproj", "{C3AEA187-BA52-4C45-8356-835457A8DAB4}"
EndProject
Project("{FAE04EC0-301F-11D3-BF4B-00C04F79EFBC}") = "Persistence.Contract", "..\Persistence.Contract\Persistence.Contract.csproj", "{5339F605-DD81-46E9-BC36-A3E7D06F05A9}"
EndProject
Project("{FAE04EC0-301F-11D3-BF4B-00C04F79EFBC}") = "DataContract", "..\DataContract\DataContract.csproj", "{8D53228F-CCF7-4EE1-A59A-A94DA5B8F48F}"
EndProject
Project("{FAE04EC0-301F-11D3-BF4B-00C04F79EFBC}") = "Service", "..\Service\Service.csproj", "{BB621FE0-F218-478C-896E-A75F1C15180F}"
EndProject
Project("{FAE04EC0-301F-11D3-BF4B-00C04F79EFBC}") = "Service.Contract", "..\Service.Contract\Service.Contract.csproj", "{F3891E46-7762-43FF-A430-C2693F6945B8}"
EndProject
Global
	GlobalSection(SolutionConfigurationPlatforms) = preSolution
		Debug|Any CPU = Debug|Any CPU
		Release|Any CPU = Release|Any CPU
	EndGlobalSection
	GlobalSection(ProjectConfigurationPlatforms) = postSolution
		{6380AB08-A36A-44BE-BC5F-B5F975243D15}.Debug|Any CPU.ActiveCfg = Debug|Any CPU
		{6380AB08-A36A-44BE-BC5F-B5F975243D15}.Debug|Any CPU.Build.0 = Debug|Any CPU
		{6380AB08-A36A-44BE-BC5F-B5F975243D15}.Release|Any CPU.ActiveCfg = Release|Any CPU
		{6380AB08-A36A-44BE-BC5F-B5F975243D15}.Release|Any CPU.Build.0 = Release|Any CPU
		{456E1201-F3A2-4198-9CEE-31975570DC28}.Debug|Any CPU.ActiveCfg = Debug|Any CPU
		{456E1201-F3A2-4198-9CEE-31975570DC28}.Debug|Any CPU.Build.0 = Debug|Any CPU
		{456E1201-F3A2-4198-9CEE-31975570DC28}.Release|Any CPU.ActiveCfg = Release|Any CPU
		{456E1201-F3A2-4198-9CEE-31975570DC28}.Release|Any CPU.Build.0 = Release|Any CPU
		{C3AEA187-BA52-4C45-8356-835457A8DAB4}.Debug|Any CPU.ActiveCfg = Debug|Any CPU
		{C3AEA187-BA52-4C45-8356-835457A8DAB4}.Debug|Any CPU.Build.0 = Debug|Any CPU
		{C3AEA187-BA52-4C45-8356-835457A8DAB4}.Release|Any CPU.ActiveCfg = Release|Any CPU
		{C3AEA187-BA52-4C45-8356-835457A8DAB4}.Release|Any CPU.Build.0 = Release|Any CPU
		{5339F605-DD81-46E9-BC36-A3E7D06F05A9}.Debug|Any CPU.ActiveCfg = Debug|Any CPU
		{5339F605-DD81-46E9-BC36-A3E7D06F05A9}.Debug|Any CPU.Build.0 = Debug|Any CPU
		{5339F605-DD81-46E9-BC36-A3E7D06F05A9}.Release|Any CPU.ActiveCfg = Release|Any CPU
		{5339F605-DD81-46E9-BC36-A3E7D06F05A9}.Release|Any CPU.Build.0 = Release|Any CPU
		{8D53228F-CCF7-4EE1-A59A-A94DA5B8F48F}.Debug|Any CPU.ActiveCfg = Debug|Any CPU
		{8D53228F-CCF7-4EE1-A59A-A94DA5B8F48F}.Debug|Any CPU.Build.0 = Debug|Any CPU
		{8D53228F-CCF7-4EE1-A59A-A94DA5B8F48F}.Release|Any CPU.ActiveCfg = Release|Any CPU
		{8D53228F-CCF7-4EE1-A59A-A94DA5B8F48F}.Release|Any CPU.Build.0 = Release|Any CPU
		{BB621FE0-F218-478C-896E-A75F1C15180F}.Debug|Any CPU.ActiveCfg = Debug|Any CPU
		{BB621FE0-F218-478C-896E-A75F1C15180F}.Debug|Any CPU.Build.0 = Debug|Any CPU
		{BB621FE0-F218-478C-896E-A75F1C15180F}.Release|Any CPU.ActiveCfg = Release|Any CPU
		{BB621FE0-F218-478C-896E-A75F1C15180F}.Release|Any CPU.Build.0 = Release|Any CPU
		{F3891E46-7762-43FF-A430-C2693F6945B8}.Debug|Any CPU.ActiveCfg = Debug|Any CPU
		{F3891E46-7762-43FF-A430-C2693F6945B8}.Debug|Any CPU.Build.0 = Debug|Any CPU
		{F3891E46-7762-43FF-A430-C2693F6945B8}.Release|Any CPU.ActiveCfg = Release|Any CPU
		{F3891E46-7762-43FF-A430-C2693F6945B8}.Release|Any CPU.Build.0 = Release|Any CPU
	EndGlobalSection
	GlobalSection(SolutionProperties) = preSolution
		HideSolutionNode = FALSE
	EndGlobalSection
	GlobalSection(ExtensibilityGlobals) = postSolution
		SolutionGuid = {533EBA49-8F46-482F-B972-90000B97CE58}
	EndGlobalSection
EndGlobal
